
Microsoft Visual Studio Solution File, Format Version 12.00
# Visual Studio Version 17
VisualStudioVersion = 17.14.37314.3 d17.14
MinimumVisualStudioVersion = 10.0.40219.1
Project("{FAE04EC0-301F-11D3-BF4B-00C04F79EFBC}") = "MaquinaCafeProye.Dominio", "MaquinaCafeProye.Dominio\MaquinaCafeProye.Dominio.csproj", "{C93DC659-02DC-4B8F-9CAF-93AE47E8E844}"
EndProject
Project("{FAE04EC0-301F-11D3-BF4B-00C04F79EFBC}") = "MaquinaCafeProye.Tests", "MaquinaCafeProye.Tests\MaquinaCafeProye.Tests.csproj", "{DBEDB95D-B0DC-427A-A8F1-45ED70A36B29}"
EndProject
Global
	GlobalSection(SolutionConfigurationPlatforms) = preSolution
		Debug|Any CPU = Debug|Any CPU
		Release|Any CPU = Release|Any CPU
	EndGlobalSection
	GlobalSection(ProjectConfigurationPlatforms) = postSolution
		{C93DC659-02DC-4B8F-9CAF-93AE47E8E844}.Debug|Any CPU.ActiveCfg = Debug|Any CPU
		{C93DC659-02DC-4B8F-9CAF-93AE47E8E844}.Debug|Any CPU.Build.0 = Debug|Any CPU
		{C93DC659-02DC-4B8F-9CAF-93AE47E8E844}.Release|Any CPU.ActiveCfg = Release|Any CPU
		{C93DC659-02DC-4B8F-9CAF-93AE47E8E844}.Release|Any CPU.Build.0 = Release|Any CPU
		{DBEDB95D-B0DC-427A-A8F1-45ED70A36B29}.Debug|Any CPU.ActiveCfg = Debug|Any CPU
		{DBEDB95D-B0DC-427A-A8F1-45ED70A36B29}.Debug|Any CPU.Build.0 = Debug|Any CPU
		{DBEDB95D-B0DC-427A-A8F1-45ED70A36B29}.Release|Any CPU.ActiveCfg = Release|Any CPU
		{DBEDB95D-B0DC-427A-A8F1-45ED70A36B29}.Release|Any CPU.Build.0 = Release|Any CPU
	EndGlobalSection
	GlobalSection(SolutionProperties) = preSolution
		HideSolutionNode = FALSE
	EndGlobalSection
	GlobalSection(ExtensibilityGlobals) = postSolution
		SolutionGuid = {A1DFCC78-DA90-4740-BC9D-07EBB80C5766}
	EndGlobalSection
EndGlobal
